
Microsoft Visual Studio Solution File, Format Version 12.00
# Visual Studio Version 17
VisualStudioVersion = 17.2.32630.192
MinimumVisualStudioVersion = 10.0.40219.1
Project("{FAE04EC0-301F-11D3-BF4B-00C04F79EFBC}") = "SHOPPING_LIST_LAB", "SHOPPING_LIST_LAB\SHOPPING_LIST_LAB.csproj", "{CDA1B469-7AB8-4BF5-9AE0-8266996F7742}"
EndProject
Global
	GlobalSection(SolutionConfigurationPlatforms) = preSolution
		Debug|Any CPU = Debug|Any CPU
		Release|Any CPU = Release|Any CPU
	EndGlobalSection
	GlobalSection(ProjectConfigurationPlatforms) = postSolution
		{CDA1B469-7AB8-4BF5-9AE0-8266996F7742}.Debug|Any CPU.ActiveCfg = Debug|Any CPU
		{CDA1B469-7AB8-4BF5-9AE0-8266996F7742}.Debug|Any CPU.Build.0 = Debug|Any CPU
		{CDA1B469-7AB8-4BF5-9AE0-8266996F7742}.Release|Any CPU.ActiveCfg = Release|Any CPU
		{CDA1B469-7AB8-4BF5-9AE0-8266996F7742}.Release|Any CPU.Build.0 = Release|Any CPU
	EndGlobalSection
	GlobalSection(SolutionProperties) = preSolution
		HideSolutionNode = FALSE
	EndGlobalSection
	GlobalSection(ExtensibilityGlobals) = postSolution
		SolutionGuid = {A37E8BE8-8DDA-41EF-A21C-226D11D7254D}
	EndGlobalSection
EndGlobal
